// !$*UTF8*$!
{
	archiveVersion = 1;
	classes = {
	};
	objectVersion = 51;
	objects = {

/* Begin PBXBuildFile section */
		44F9967E5BE449E2CE16EAAE /* Pods_Nothing.framework in Frameworks */ = {isa = PBXBuildFile; fileRef = FECE8E1AA3451E8EE913400E /* Pods_Nothing.framework */; };
		701D6BFD25060DD500231D6A /* AppDelegate.swift in Sources */ = {isa = PBXBuildFile; fileRef = 701D6BFC25060DD500231D6A /* AppDelegate.swift */; };
		701D6C0125060DD500231D6A /* ViewController.swift in Sources */ = {isa = PBXBuildFile; fileRef = 701D6C0025060DD500231D6A /* ViewController.swift */; };
		701D6C0425060DD500231D6A /* Main.storyboard in Resources */ = {isa = PBXBuildFile; fileRef = 701D6C0225060DD500231D6A /* Main.storyboard */; };
		701D6C0625060DD700231D6A /* Assets.xcassets in Resources */ = {isa = PBXBuildFile; fileRef = 701D6C0525060DD700231D6A /* Assets.xcassets */; };
		701D6C0925060DD700231D6A /* LaunchScreen.storyboard in Resources */ = {isa = PBXBuildFile; fileRef = 701D6C0725060DD700231D6A /* LaunchScreen.storyboard */; };
		701D6C1425060DD700231D6A /* NothingTests.swift in Sources */ = {isa = PBXBuildFile; fileRef = 701D6C1325060DD700231D6A /* NothingTests.swift */; };
		701D6C1F25060DD700231D6A /* NothingUITests.swift in Sources */ = {isa = PBXBuildFile; fileRef = 701D6C1E25060DD700231D6A /* NothingUITests.swift */; };
		701D6C56250618A700231D6A /* FindViewController.swift in Sources */ = {isa = PBXBuildFile; fileRef = 701D6C4E250618A700231D6A /* FindViewController.swift */; };
		701D6C57250618A700231D6A /* HomeViewController.swift in Sources */ = {isa = PBXBuildFile; fileRef = 701D6C4F250618A700231D6A /* HomeViewController.swift */; };
		701D6C58250618A700231D6A /* FirendViewController.swift in Sources */ = {isa = PBXBuildFile; fileRef = 701D6C50250618A700231D6A /* FirendViewController.swift */; };
		701D6C59250618A700231D6A /* BaseViewController.swift in Sources */ = {isa = PBXBuildFile; fileRef = 701D6C52250618A700231D6A /* BaseViewController.swift */; };
		701D6C5A250618A700231D6A /* BaseNavgationController.swift in Sources */ = {isa = PBXBuildFile; fileRef = 701D6C53250618A700231D6A /* BaseNavgationController.swift */; };
		701D6C5B250618A700231D6A /* MineViewController.swift in Sources */ = {isa = PBXBuildFile; fileRef = 701D6C54250618A700231D6A /* MineViewController.swift */; };
		701D6C5C250618A700231D6A /* SXWTabBarController.swift in Sources */ = {isa = PBXBuildFile; fileRef = 701D6C55250618A700231D6A /* SXWTabBarController.swift */; };
		701D6C772506240B00231D6A /* feiji.png in Resources */ = {isa = PBXBuildFile; fileRef = 701D6C6F2506240B00231D6A /* feiji.png */; };
		701D6C782506240B00231D6A /* erji.png in Resources */ = {isa = PBXBuildFile; fileRef = 701D6C702506240B00231D6A /* erji.png */; };
		701D6C792506240B00231D6A /* feiji_select.png in Resources */ = {isa = PBXBuildFile; fileRef = 701D6C712506240B00231D6A /* feiji_select.png */; };
		701D6C7A2506240B00231D6A /* yongquan_select.png in Resources */ = {isa = PBXBuildFile; fileRef = 701D6C722506240B00231D6A /* yongquan_select.png */; };
		701D6C7B2506240B00231D6A /* xingqiu_select.png in Resources */ = {isa = PBXBuildFile; fileRef = 701D6C732506240B00231D6A /* xingqiu_select.png */; };
		701D6C7C2506240B00231D6A /* xingqiu.png in Resources */ = {isa = PBXBuildFile; fileRef = 701D6C742506240B00231D6A /* xingqiu.png */; };
		701D6C7D2506240B00231D6A /* erji_select.png in Resources */ = {isa = PBXBuildFile; fileRef = 701D6C752506240B00231D6A /* erji_select.png */; };
		701D6C7E2506240B00231D6A /* yongquan.png in Resources */ = {isa = PBXBuildFile; fileRef = 701D6C762506240B00231D6A /* yongquan.png */; };
		704FFEA925071C150016C44C /* HomeNormalTableViewCell.swift in Sources */ = {isa = PBXBuildFile; fileRef = 704FFEA825071C150016C44C /* HomeNormalTableViewCell.swift */; };
		704FFEAE25075AE20016C44C /* ViewController0908.swift in Sources */ = {isa = PBXBuildFile; fileRef = 704FFEAD25075AE20016C44C /* ViewController0908.swift */; };
		704FFEB125075F410016C44C /* SWebViewController.swift in Sources */ = {isa = PBXBuildFile; fileRef = 704FFEB025075F410016C44C /* SWebViewController.swift */; };
		704FFEB32507709D0016C44C /* UModel.swift in Sources */ = {isa = PBXBuildFile; fileRef = 704FFEB22507709D0016C44C /* UModel.swift */; };
/* End PBXBuildFile section */

/* Begin PBXContainerItemProxy section */
		701D6C1025060DD700231D6A /* PBXContainerItemProxy */ = {
			isa = PBXContainerItemProxy;
			containerPortal = 701D6BF125060DD500231D6A /* Project object */;
			proxyType = 1;
			remoteGlobalIDString = 701D6BF825060DD500231D6A;
			remoteInfo = Nothing;
		};
		701D6C1B25060DD700231D6A /* PBXContainerItemProxy */ = {
			isa = PBXContainerItemProxy;
			containerPortal = 701D6BF125060DD500231D6A /* Project object */;
			proxyType = 1;
			remoteGlobalIDString = 701D6BF825060DD500231D6A;
			remoteInfo = Nothing;
		};
/* End PBXContainerItemProxy section */

/* Begin PBXFileReference section */
		0A3C16F77CF4D7BF95BF216A /* Pods-Nothing.debug.xcconfig */ = {isa = PBXFileReference; includeInIndex = 1; lastKnownFileType = text.xcconfig; name = "Pods-Nothing.debug.xcconfig"; path = "Target Support Files/Pods-Nothing/Pods-Nothing.debug.xcconfig"; sourceTree = "<group>"; };
		701D6BF925060DD500231D6A /* Nothing.app */ = {isa = PBXFileReference; explicitFileType = wrapper.application; includeInIndex = 0; path = Nothing.app; sourceTree = BUILT_PRODUCTS_DIR; };
		701D6BFC25060DD500231D6A /* AppDelegate.swift */ = {isa = PBXFileReference; lastKnownFileType = sourcecode.swift; path = AppDelegate.swift; sourceTree = "<group>"; };
		701D6C0025060DD500231D6A /* ViewController.swift */ = {isa = PBXFileReference; lastKnownFileType = sourcecode.swift; path = ViewController.swift; sourceTree = "<group>"; };
		701D6C0325060DD500231D6A /* Base */ = {isa = PBXFileReference; lastKnownFileType = file.storyboard; name = Base; path = Base.lproj/Main.storyboard; sourceTree = "<group>"; };
		701D6C0525060DD700231D6A /* Assets.xcassets */ = {isa = PBXFileReference; lastKnownFileType = folder.assetcatalog; path = Assets.xcassets; sourceTree = "<group>"; };
		701D6C0825060DD700231D6A /* Base */ = {isa = PBXFileReference; lastKnownFileType = file.storyboard; name = Base; path = Base.lproj/LaunchScreen.storyboard; sourceTree = "<group>"; };
		701D6C0A25060DD700231D6A /* Info.plist */ = {isa = PBXFileReference; lastKnownFileType = text.plist.xml; path = Info.plist; sourceTree = "<group>"; };
		701D6C0F25060DD700231D6A /* NothingTests.xctest */ = {isa = PBXFileReference; explicitFileType = wrapper.cfbundle; includeInIndex = 0; path = NothingTests.xctest; sourceTree = BUILT_PRODUCTS_DIR; };
		701D6C1325060DD700231D6A /* NothingTests.swift */ = {isa = PBXFileReference; lastKnownFileType = sourcecode.swift; path = NothingTests.swift; sourceTree = "<group>"; };
		701D6C1525060DD700231D6A /* Info.plist */ = {isa = PBXFileReference; lastKnownFileType = text.plist.xml; path = Info.plist; sourceTree = "<group>"; };
		701D6C1A25060DD700231D6A /* NothingUITests.xctest */ = {isa = PBXFileReference; explicitFileType = wrapper.cfbundle; includeInIndex = 0; path = NothingUITests.xctest; sourceTree = BUILT_PRODUCTS_DIR; };
		701D6C1E25060DD700231D6A /* NothingUITests.swift */ = {isa = PBXFileReference; lastKnownFileType = sourcecode.swift; path = NothingUITests.swift; sourceTree = "<group>"; };
		701D6C2025060DD700231D6A /* Info.plist */ = {isa = PBXFileReference; lastKnownFileType = text.plist.xml; path = Info.plist; sourceTree = "<group>"; };
		701D6C4E250618A700231D6A /* FindViewController.swift */ = {isa = PBXFileReference; fileEncoding = 4; lastKnownFileType = sourcecode.swift; path = FindViewController.swift; sourceTree = "<group>"; };
		701D6C4F250618A700231D6A /* HomeViewController.swift */ = {isa = PBXFileReference; fileEncoding = 4; lastKnownFileType = sourcecode.swift; path = HomeViewController.swift; sourceTree = "<group>"; };
		701D6C50250618A700231D6A /* FirendViewController.swift */ = {isa = PBXFileReference; fileEncoding = 4; lastKnownFileType = sourcecode.swift; path = FirendViewController.swift; sourceTree = "<group>"; };
		701D6C52250618A700231D6A /* BaseViewController.swift */ = {isa = PBXFileReference; fileEncoding = 4; lastKnownFileType = sourcecode.swift; path = BaseViewController.swift; sourceTree = "<group>"; };
		701D6C53250618A700231D6A /* BaseNavgationController.swift */ = {isa = PBXFileReference; fileEncoding = 4; lastKnownFileType = sourcecode.swift; path = BaseNavgationController.swift; sourceTree = "<group>"; };
		701D6C54250618A700231D6A /* MineViewController.swift */ = {isa = PBXFileReference; fileEncoding = 4; lastKnownFileType = sourcecode.swift; path = MineViewController.swift; sourceTree = "<group>"; };
		701D6C55250618A700231D6A /* SXWTabBarController.swift */ = {isa = PBXFileReference; fileEncoding = 4; lastKnownFileType = sourcecode.swift; path = SXWTabBarController.swift; sourceTree = "<group>"; };
		701D6C6F2506240B00231D6A /* feiji.png */ = {isa = PBXFileReference; lastKnownFileType = image.png; path = feiji.png; sourceTree = "<group>"; };
		701D6C702506240B00231D6A /* erji.png */ = {isa = PBXFileReference; lastKnownFileType = image.png; path = erji.png; sourceTree = "<group>"; };
		701D6C712506240B00231D6A /* feiji_select.png */ = {isa = PBXFileReference; lastKnownFileType = image.png; path = feiji_select.png; sourceTree = "<group>"; };
		701D6C722506240B00231D6A /* yongquan_select.png */ = {isa = PBXFileReference; lastKnownFileType = image.png; path = yongquan_select.png; sourceTree = "<group>"; };
		701D6C732506240B00231D6A /* xingqiu_select.png */ = {isa = PBXFileReference; lastKnownFileType = image.png; path = xingqiu_select.png; sourceTree = "<group>"; };
		701D6C742506240B00231D6A /* xingqiu.png */ = {isa = PBXFileReference; lastKnownFileType = image.png; path = xingqiu.png; sourceTree = "<group>"; };
		701D6C752506240B00231D6A /* erji_select.png */ = {isa = PBXFileReference; lastKnownFileType = image.png; path = erji_select.png; sourceTree = "<group>"; };
		701D6C762506240B00231D6A /* yongquan.png */ = {isa = PBXFileReference; lastKnownFileType = image.png; path = yongquan.png; sourceTree = "<group>"; };
		704FFEA825071C150016C44C /* HomeNormalTableViewCell.swift */ = {isa = PBXFileReference; lastKnownFileType = sourcecode.swift; path = HomeNormalTableViewCell.swift; sourceTree = "<group>"; };
		704FFEAD25075AE20016C44C /* ViewController0908.swift */ = {isa = PBXFileReference; lastKnownFileType = sourcecode.swift; path = ViewController0908.swift; sourceTree = "<group>"; };
		704FFEB025075F410016C44C /* SWebViewController.swift */ = {isa = PBXFileReference; lastKnownFileType = sourcecode.swift; path = SWebViewController.swift; sourceTree = "<group>"; };
		704FFEB22507709D0016C44C /* UModel.swift */ = {isa = PBXFileReference; lastKnownFileType = sourcecode.swift; path = UModel.swift; sourceTree = "<group>"; };
		D674DC7AE6B5EC185A93DD9A /* Pods-Nothing.release.xcconfig */ = {isa = PBXFileReference; includeInIndex = 1; lastKnownFileType = text.xcconfig; name = "Pods-Nothing.release.xcconfig"; path = "Target Support Files/Pods-Nothing/Pods-Nothing.release.xcconfig"; sourceTree = "<group>"; };
		FECE8E1AA3451E8EE913400E /* Pods_Nothing.framework */ = {isa = PBXFileReference; explicitFileType = wrapper.framework; includeInIndex = 0; path = Pods_Nothing.framework; sourceTree = BUILT_PRODUCTS_DIR; };
/* End PBXFileReference section */

/* Begin PBXFrameworksBuildPhase section */
		701D6BF625060DD500231D6A /* Frameworks */ = {
			isa = PBXFrameworksBuildPhase;
			buildActionMask = 2147483647;
			files = (
				44F9967E5BE449E2CE16EAAE /* Pods_Nothing.framework in Frameworks */,
			);
			runOnlyForDeploymentPostprocessing = 0;
		};
		701D6C0C25060DD700231D6A /* Frameworks */ = {
			isa = PBXFrameworksBuildPhase;
			buildActionMask = 2147483647;
			files = (
			);
			runOnlyForDeploymentPostprocessing = 0;
		};
		701D6C1725060DD700231D6A /* Frameworks */ = {
			isa = PBXFrameworksBuildPhase;
			buildActionMask = 2147483647;
			files = (
			);
			runOnlyForDeploymentPostprocessing = 0;
		};
/* End PBXFrameworksBuildPhase section */

/* Begin PBXGroup section */
		160EC7F9B0BB8EED2125AE63 /* Pods */ = {
			isa = PBXGroup;
			children = (
				0A3C16F77CF4D7BF95BF216A /* Pods-Nothing.debug.xcconfig */,
				D674DC7AE6B5EC185A93DD9A /* Pods-Nothing.release.xcconfig */,
			);
			path = Pods;
			sourceTree = "<group>";
		};
		701D6BF025060DD500231D6A = {
			isa = PBXGroup;
			children = (
				701D6BFB25060DD500231D6A /* Nothing */,
				701D6C1225060DD700231D6A /* NothingTests */,
				701D6C1D25060DD700231D6A /* NothingUITests */,
				701D6BFA25060DD500231D6A /* Products */,
				160EC7F9B0BB8EED2125AE63 /* Pods */,
				A4D189D3D3C7B83D04FEE44F /* Frameworks */,
			);
			sourceTree = "<group>";
		};
		701D6BFA25060DD500231D6A /* Products */ = {
			isa = PBXGroup;
			children = (
				701D6BF925060DD500231D6A /* Nothing.app */,
				701D6C0F25060DD700231D6A /* NothingTests.xctest */,
				701D6C1A25060DD700231D6A /* NothingUITests.xctest */,
			);
			name = Products;
			sourceTree = "<group>";
		};
		701D6BFB25060DD500231D6A /* Nothing */ = {
			isa = PBXGroup;
			children = (
				701D6BFC25060DD500231D6A /* AppDelegate.swift */,
				701D6C0025060DD500231D6A /* ViewController.swift */,
				701D6C4A250613E000231D6A /* Main */,
				701D6C45250613E000231D6A /* Common */,
				701D6C49250613E000231D6A /* Controllers */,
				701D6C4B250613E000231D6A /* Models */,
				701D6C47250613E000231D6A /* Resources */,
				701D6C48250613E000231D6A /* Vendor */,
				701D6C46250613E000231D6A /* Views */,
				701D6C0225060DD500231D6A /* Main.storyboard */,
				701D6C0525060DD700231D6A /* Assets.xcassets */,
				701D6C0725060DD700231D6A /* LaunchScreen.storyboard */,
				701D6C0A25060DD700231D6A /* Info.plist */,
			);
			path = Nothing;
			sourceTree = "<group>";
		};
		701D6C1225060DD700231D6A /* NothingTests */ = {
			isa = PBXGroup;
			children = (
				701D6C1325060DD700231D6A /* NothingTests.swift */,
				701D6C1525060DD700231D6A /* Info.plist */,
			);
			path = NothingTests;
			sourceTree = "<group>";
		};
		701D6C1D25060DD700231D6A /* NothingUITests */ = {
			isa = PBXGroup;
			children = (
				701D6C1E25060DD700231D6A /* NothingUITests.swift */,
				701D6C2025060DD700231D6A /* Info.plist */,
			);
			path = NothingUITests;
			sourceTree = "<group>";
		};
		701D6C45250613E000231D6A /* Common */ = {
			isa = PBXGroup;
			children = (
			);
			path = Common;
			sourceTree = "<group>";
		};
		701D6C46250613E000231D6A /* Views */ = {
			isa = PBXGroup;
			children = (
				704FFEAF25075F2D0016C44C /* WebView */,
				704FFEA725071BED0016C44C /* Home */,
			);
			path = Views;
			sourceTree = "<group>";
		};
		701D6C47250613E000231D6A /* Resources */ = {
			isa = PBXGroup;
			children = (
				701D6C6E2506240B00231D6A /* tababr */,
			);
			path = Resources;
			sourceTree = "<group>";
		};
		701D6C48250613E000231D6A /* Vendor */ = {
			isa = PBXGroup;
			children = (
			);
			path = Vendor;
			sourceTree = "<group>";
		};
		701D6C49250613E000231D6A /* Controllers */ = {
			isa = PBXGroup;
			children = (
				704FFEAA25075A8D0016C44C /* Home */,
			);
			path = Controllers;
			sourceTree = "<group>";
		};
		701D6C4A250613E000231D6A /* Main */ = {
			isa = PBXGroup;
			children = (
				701D6C4F250618A700231D6A /* HomeViewController.swift */,
				701D6C4E250618A700231D6A /* FindViewController.swift */,
				701D6C50250618A700231D6A /* FirendViewController.swift */,
				701D6C54250618A700231D6A /* MineViewController.swift */,
				701D6C55250618A700231D6A /* SXWTabBarController.swift */,
				701D6C51250618A700231D6A /* Base */,
			);
			path = Main;
			sourceTree = "<group>";
		};
		701D6C4B250613E000231D6A /* Models */ = {
			isa = PBXGroup;
			children = (
				704FFEB22507709D0016C44C /* UModel.swift */,
			);
			path = Models;
			sourceTree = "<group>";
		};
		701D6C51250618A700231D6A /* Base */ = {
			isa = PBXGroup;
			children = (
				701D6C52250618A700231D6A /* BaseViewController.swift */,
				701D6C53250618A700231D6A /* BaseNavgationController.swift */,
			);
			path = Base;
			sourceTree = "<group>";
		};
		701D6C6E2506240B00231D6A /* tababr */ = {
			isa = PBXGroup;
			children = (
				701D6C6F2506240B00231D6A /* feiji.png */,
				701D6C702506240B00231D6A /* erji.png */,
				701D6C712506240B00231D6A /* feiji_select.png */,
				701D6C722506240B00231D6A /* yongquan_select.png */,
				701D6C732506240B00231D6A /* xingqiu_select.png */,
				701D6C742506240B00231D6A /* xingqiu.png */,
				701D6C752506240B00231D6A /* erji_select.png */,
				701D6C762506240B00231D6A /* yongquan.png */,
			);
			path = tababr;
			sourceTree = "<group>";
		};
		704FFEA725071BED0016C44C /* Home */ = {
			isa = PBXGroup;
			children = (
				704FFEA825071C150016C44C /* HomeNormalTableViewCell.swift */,
			);
			path = Home;
			sourceTree = "<group>";
		};
		704FFEAA25075A8D0016C44C /* Home */ = {
			isa = PBXGroup;
			children = (
				704FFEAD25075AE20016C44C /* ViewController0908.swift */,
			);
			path = Home;
			sourceTree = "<group>";
		};
		704FFEAF25075F2D0016C44C /* WebView */ = {
			isa = PBXGroup;
			children = (
				704FFEB025075F410016C44C /* SWebViewController.swift */,
			);
			path = WebView;
			sourceTree = "<group>";
		};
		A4D189D3D3C7B83D04FEE44F /* Frameworks */ = {
			isa = PBXGroup;
			children = (
				FECE8E1AA3451E8EE913400E /* Pods_Nothing.framework */,
			);
			name = Frameworks;
			sourceTree = "<group>";
		};
/* End PBXGroup section */

/* Begin PBXNativeTarget section */
		701D6BF825060DD500231D6A /* Nothing */ = {
			isa = PBXNativeTarget;
			buildConfigurationList = 701D6C2325060DD700231D6A /* Build configuration list for PBXNativeTarget "Nothing" */;
			buildPhases = (
				C35EFB00F810D6AC8CE8D304 /* [CP] Check Pods Manifest.lock */,
				701D6BF525060DD500231D6A /* Sources */,
				701D6BF625060DD500231D6A /* Frameworks */,
				701D6BF725060DD500231D6A /* Resources */,
				3B6AC6604A44C08C21E58D7B /* [CP] Embed Pods Frameworks */,
			);
			buildRules = (
			);
			dependencies = (
			);
			name = Nothing;
			productName = Nothing;
			productReference = 701D6BF925060DD500231D6A /* Nothing.app */;
			productType = "com.apple.product-type.application";
		};
		701D6C0E25060DD700231D6A /* NothingTests */ = {
			isa = PBXNativeTarget;
			buildConfigurationList = 701D6C2625060DD700231D6A /* Build configuration list for PBXNativeTarget "NothingTests" */;
			buildPhases = (
				701D6C0B25060DD700231D6A /* Sources */,
				701D6C0C25060DD700231D6A /* Frameworks */,
				701D6C0D25060DD700231D6A /* Resources */,
			);
			buildRules = (
			);
			dependencies = (
				701D6C1125060DD700231D6A /* PBXTargetDependency */,
			);
			name = NothingTests;
			productName = NothingTests;
			productReference = 701D6C0F25060DD700231D6A /* NothingTests.xctest */;
			productType = "com.apple.product-type.bundle.unit-test";
		};
		701D6C1925060DD700231D6A /* NothingUITests */ = {
			isa = PBXNativeTarget;
			buildConfigurationList = 701D6C2925060DD700231D6A /* Build configuration list for PBXNativeTarget "NothingUITests" */;
			buildPhases = (
				701D6C1625060DD700231D6A /* Sources */,
				701D6C1725060DD700231D6A /* Frameworks */,
				701D6C1825060DD700231D6A /* Resources */,
			);
			buildRules = (
			);
			dependencies = (
				701D6C1C25060DD700231D6A /* PBXTargetDependency */,
			);
			name = NothingUITests;
			productName = NothingUITests;
			productReference = 701D6C1A25060DD700231D6A /* NothingUITests.xctest */;
			productType = "com.apple.product-type.bundle.ui-testing";
		};
/* End PBXNativeTarget section */

/* Begin PBXProject section */
		701D6BF125060DD500231D6A /* Project object */ = {
			isa = PBXProject;
			attributes = {
				LastSwiftUpdateCheck = 1170;
				LastUpgradeCheck = 1170;
				ORGANIZATIONNAME = xiaoxi;
				TargetAttributes = {
					701D6BF825060DD500231D6A = {
						CreatedOnToolsVersion = 11.7;
					};
					701D6C0E25060DD700231D6A = {
						CreatedOnToolsVersion = 11.7;
						TestTargetID = 701D6BF825060DD500231D6A;
					};
					701D6C1925060DD700231D6A = {
						CreatedOnToolsVersion = 11.7;
						TestTargetID = 701D6BF825060DD500231D6A;
					};
				};
			};
			buildConfigurationList = 701D6BF425060DD500231D6A /* Build configuration list for PBXProject "Nothing" */;
			compatibilityVersion = "Xcode 9.3";
			developmentRegion = en;
			hasScannedForEncodings = 0;
			knownRegions = (
				en,
				Base,
			);
			mainGroup = 701D6BF025060DD500231D6A;
			productRefGroup = 701D6BFA25060DD500231D6A /* Products */;
			projectDirPath = "";
			projectRoot = "";
			targets = (
				701D6BF825060DD500231D6A /* Nothing */,
				701D6C0E25060DD700231D6A /* NothingTests */,
				701D6C1925060DD700231D6A /* NothingUITests */,
			);
		};
/* End PBXProject section */

/* Begin PBXResourcesBuildPhase section */
		701D6BF725060DD500231D6A /* Resources */ = {
			isa = PBXResourcesBuildPhase;
			buildActionMask = 2147483647;
			files = (
				701D6C0925060DD700231D6A /* LaunchScreen.storyboard in Resources */,
				701D6C7D2506240B00231D6A /* erji_select.png in Resources */,
				701D6C7E2506240B00231D6A /* yongquan.png in Resources */,
				701D6C7B2506240B00231D6A /* xingqiu_select.png in Resources */,
				701D6C782506240B00231D6A /* erji.png in Resources */,
				701D6C7A2506240B00231D6A /* yongquan_select.png in Resources */,
				701D6C0625060DD700231D6A /* Assets.xcassets in Resources */,
				701D6C0425060DD500231D6A /* Main.storyboard in Resources */,
				701D6C772506240B00231D6A /* feiji.png in Resources */,
				701D6C792506240B00231D6A /* feiji_select.png in Resources */,
				701D6C7C2506240B00231D6A /* xingqiu.png in Resources */,
			);
			runOnlyForDeploymentPostprocessing = 0;
		};
		701D6C0D25060DD700231D6A /* Resources */ = {
			isa = PBXResourcesBuildPhase;
			buildActionMask = 2147483647;
			files = (
			);
			runOnlyForDeploymentPostprocessing = 0;
		};
		701D6C1825060DD700231D6A /* Resources */ = {
			isa = PBXResourcesBuildPhase;
			buildActionMask = 2147483647;
			files = (
			);
			runOnlyForDeploymentPostprocessing = 0;
		};
/* End PBXResourcesBuildPhase section */

/* Begin PBXShellScriptBuildPhase section */
		3B6AC6604A44C08C21E58D7B /* [CP] Embed Pods Frameworks */ = {
			isa = PBXShellScriptBuildPhase;
			buildActionMask = 2147483647;
			files = (
			);
			inputFileListPaths = (
				"${PODS_ROOT}/Target Support Files/Pods-Nothing/Pods-Nothing-frameworks-${CONFIGURATION}-input-files.xcfilelist",
			);
			name = "[CP] Embed Pods Frameworks";
			outputFileListPaths = (
				"${PODS_ROOT}/Target Support Files/Pods-Nothing/Pods-Nothing-frameworks-${CONFIGURATION}-output-files.xcfilelist",
			);
			runOnlyForDeploymentPostprocessing = 0;
			shellPath = /bin/sh;
			shellScript = "\"${PODS_ROOT}/Target Support Files/Pods-Nothing/Pods-Nothing-frameworks.sh\"\n";
			showEnvVarsInLog = 0;
		};
		C35EFB00F810D6AC8CE8D304 /* [CP] Check Pods Manifest.lock */ = {
			isa = PBXShellScriptBuildPhase;
			buildActionMask = 2147483647;
			files = (
			);
			inputFileListPaths = (
			);
			inputPaths = (
				"${PODS_PODFILE_DIR_PATH}/Podfile.lock",
				"${PODS_ROOT}/Manifest.lock",
			);
			name = "[CP] Check Pods Manifest.lock";
			outputFileListPaths = (
			);
			outputPaths = (
				"$(DERIVED_FILE_DIR)/Pods-Nothing-checkManifestLockResult.txt",
			);
			runOnlyForDeploymentPostprocessing = 0;
			shellPath = /bin/sh;
			shellScript = "diff \"${PODS_PODFILE_DIR_PATH}/Podfile.lock\" \"${PODS_ROOT}/Manifest.lock\" > /dev/null\nif [ $? != 0 ] ; then\n    # print error to STDERR\n    echo \"error: The sandbox is not in sync with the Podfile.lock. Run 'pod install' or update your CocoaPods installation.\" >&2\n    exit 1\nfi\n# This output is used by Xcode 'outputs' to avoid re-running this script phase.\necho \"SUCCESS\" > \"${SCRIPT_OUTPUT_FILE_0}\"\n";
			showEnvVarsInLog = 0;
		};
/* End PBXShellScriptBuildPhase section */

/* Begin PBXSourcesBuildPhase section */
		701D6BF525060DD500231D6A /* Sources */ = {
			isa = PBXSourcesBuildPhase;
			buildActionMask = 2147483647;
			files = (
				704FFEAE25075AE20016C44C /* ViewController0908.swift in Sources */,
				701D6C56250618A700231D6A /* FindViewController.swift in Sources */,
				704FFEA925071C150016C44C /* HomeNormalTableViewCell.swift in Sources */,
				701D6C0125060DD500231D6A /* ViewController.swift in Sources */,
				701D6BFD25060DD500231D6A /* AppDelegate.swift in Sources */,
				701D6C5C250618A700231D6A /* SXWTabBarController.swift in Sources */,
				704FFEB32507709D0016C44C /* UModel.swift in Sources */,
				701D6C5A250618A700231D6A /* BaseNavgationController.swift in Sources */,
				704FFEB125075F410016C44C /* SWebViewController.swift in Sources */,
				701D6C59250618A700231D6A /* BaseViewController.swift in Sources */,
				701D6C58250618A700231D6A /* FirendViewController.swift in Sources */,
				701D6C57250618A700231D6A /* HomeViewController.swift in Sources */,
				701D6C5B250618A700231D6A /* MineViewController.swift in Sources */,
			);
			runOnlyForDeploymentPostprocessing = 0;
		};
		701D6C0B25060DD700231D6A /* Sources */ = {
			isa = PBXSourcesBuildPhase;
			buildActionMask = 2147483647;
			files = (
				701D6C1425060DD700231D6A /* NothingTests.swift in Sources */,
			);
			runOnlyForDeploymentPostprocessing = 0;
		};
		701D6C1625060DD700231D6A /* Sources */ = {
			isa = PBXSourcesBuildPhase;
			buildActionMask = 2147483647;
			files = (
				701D6C1F25060DD700231D6A /* NothingUITests.swift in Sources */,
			);
			runOnlyForDeploymentPostprocessing = 0;
		};
/* End PBXSourcesBuildPhase section */

/* Begin PBXTargetDependency section */
		701D6C1125060DD700231D6A /* PBXTargetDependency */ = {
			isa = PBXTargetDependency;
			target = 701D6BF825060DD500231D6A /* Nothing */;
			targetProxy = 701D6C1025060DD700231D6A /* PBXContainerItemProxy */;
		};
		701D6C1C25060DD700231D6A /* PBXTargetDependency */ = {
			isa = PBXTargetDependency;
			target = 701D6BF825060DD500231D6A /* Nothing */;
			targetProxy = 701D6C1B25060DD700231D6A /* PBXContainerItemProxy */;
		};
/* End PBXTargetDependency section */

/* Begin PBXVariantGroup section */
		701D6C0225060DD500231D6A /* Main.storyboard */ = {
			isa = PBXVariantGroup;
			children = (
				701D6C0325060DD500231D6A /* Base */,
			);
			name = Main.storyboard;
			sourceTree = "<group>";
		};
		701D6C0725060DD700231D6A /* LaunchScreen.storyboard */ = {
			isa = PBXVariantGroup;
			children = (
				701D6C0825060DD700231D6A /* Base */,
			);
			name = LaunchScreen.storyboard;
			sourceTree = "<group>";
		};
/* End PBXVariantGroup section */

/* Begin XCBuildConfiguration section */
		701D6C2125060DD700231D6A /* Debug */ = {
			isa = XCBuildConfiguration;
			buildSettings = {
				ALWAYS_SEARCH_USER_PATHS = NO;
				CLANG_ANALYZER_NONNULL = YES;
				CLANG_ANALYZER_NUMBER_OBJECT_CONVERSION = YES_AGGRESSIVE;
				CLANG_CXX_LANGUAGE_STANDARD = "gnu++14";
				CLANG_CXX_LIBRARY = "libc++";
				CLANG_ENABLE_MODULES = YES;
				CLANG_ENABLE_OBJC_ARC = YES;
				CLANG_ENABLE_OBJC_WEAK = YES;
				CLANG_WARN_BLOCK_CAPTURE_AUTORELEASING = YES;
				CLANG_WARN_BOOL_CONVERSION = YES;
				CLANG_WARN_COMMA = YES;
				CLANG_WARN_CONSTANT_CONVERSION = YES;
				CLANG_WARN_DEPRECATED_OBJC_IMPLEMENTATIONS = YES;
				CLANG_WARN_DIRECT_OBJC_ISA_USAGE = YES_ERROR;
				CLANG_WARN_DOCUMENTATION_COMMENTS = YES;
				CLANG_WARN_EMPTY_BODY = YES;
				CLANG_WARN_ENUM_CONVERSION = YES;
				CLANG_WARN_INFINITE_RECURSION = YES;
				CLANG_WARN_INT_CONVERSION = YES;
				CLANG_WARN_NON_LITERAL_NULL_CONVERSION = YES;
				CLANG_WARN_OBJC_IMPLICIT_RETAIN_SELF = YES;
				CLANG_WARN_OBJC_LITERAL_CONVERSION = YES;
				CLANG_WARN_OBJC_ROOT_CLASS = YES_ERROR;
				CLANG_WARN_RANGE_LOOP_ANALYSIS = YES;
				CLANG_WARN_STRICT_PROTOTYPES = YES;
				CLANG_WARN_SUSPICIOUS_MOVE = YES;
				CLANG_WARN_UNGUARDED_AVAILABILITY = YES_AGGRESSIVE;
				CLANG_WARN_UNREACHABLE_CODE = YES;
				CLANG_WARN__DUPLICATE_METHOD_MATCH = YES;
				COPY_PHASE_STRIP = NO;
				DEBUG_INFORMATION_FORMAT = dwarf;
				ENABLE_STRICT_OBJC_MSGSEND = YES;
				ENABLE_TESTABILITY = YES;
				GCC_C_LANGUAGE_STANDARD = gnu11;
				GCC_DYNAMIC_NO_PIC = NO;
				GCC_NO_COMMON_BLOCKS = YES;
				GCC_OPTIMIZATION_LEVEL = 0;
				GCC_PREPROCESSOR_DEFINITIONS = (
					"DEBUG=1",
					"$(inherited)",
				);
				GCC_WARN_64_TO_32_BIT_CONVERSION = YES;
				GCC_WARN_ABOUT_RETURN_TYPE = YES_ERROR;
				GCC_WARN_UNDECLARED_SELECTOR = YES;
				GCC_WARN_UNINITIALIZED_AUTOS = YES_AGGRESSIVE;
				GCC_WARN_UNUSED_FUNCTION = YES;
				GCC_WARN_UNUSED_VARIABLE = YES;
				IPHONEOS_DEPLOYMENT_TARGET = 13.7;
				MTL_ENABLE_DEBUG_INFO = INCLUDE_SOURCE;
				MTL_FAST_MATH = YES;
				ONLY_ACTIVE_ARCH = YES;
				SDKROOT = iphoneos;
				SWIFT_ACTIVE_COMPILATION_CONDITIONS = DEBUG;
				SWIFT_OPTIMIZATION_LEVEL = "-Onone";
			};
			name = Debug;
		};
		701D6C2225060DD700231D6A /* Release */ = {
			isa = XCBuildConfiguration;
			buildSettings = {
				ALWAYS_SEARCH_USER_PATHS = NO;
				CLANG_ANALYZER_NONNULL = YES;
				CLANG_ANALYZER_NUMBER_OBJECT_CONVERSION = YES_AGGRESSIVE;
				CLANG_CXX_LANGUAGE_STANDARD = "gnu++14";
				CLANG_CXX_LIBRARY = "libc++";
				CLANG_ENABLE_MODULES = YES;
				CLANG_ENABLE_OBJC_ARC = YES;
				CLANG_ENABLE_OBJC_WEAK = YES;
				CLANG_WARN_BLOCK_CAPTURE_AUTORELEASING = YES;
				CLANG_WARN_BOOL_CONVERSION = YES;
				CLANG_WARN_COMMA = YES;
				CLANG_WARN_CONSTANT_CONVERSION = YES;
				CLANG_WARN_DEPRECATED_OBJC_IMPLEMENTATIONS = YES;
				CLANG_WARN_DIRECT_OBJC_ISA_USAGE = YES_ERROR;
				CLANG_WARN_DOCUMENTATION_COMMENTS = YES;
				CLANG_WARN_EMPTY_BODY = YES;
				CLANG_WARN_ENUM_CONVERSION = YES;
				CLANG_WARN_INFINITE_RECURSION = YES;
				CLANG_WARN_INT_CONVERSION = YES;
				CLANG_WARN_NON_LITERAL_NULL_CONVERSION = YES;
				CLANG_WARN_OBJC_IMPLICIT_RETAIN_SELF = YES;
				CLANG_WARN_OBJC_LITERAL_CONVERSION = YES;
				CLANG_WARN_OBJC_ROOT_CLASS = YES_ERROR;
				CLANG_WARN_RANGE_LOOP_ANALYSIS = YES;
				CLANG_WARN_STRICT_PROTOTYPES = YES;
				CLANG_WARN_SUSPICIOUS_MOVE = YES;
				CLANG_WARN_UNGUARDED_AVAILABILITY = YES_AGGRESSIVE;
				CLANG_WARN_UNREACHABLE_CODE = YES;
				CLANG_WARN__DUPLICATE_METHOD_MATCH = YES;
				COPY_PHASE_STRIP = NO;
				DEBUG_INFORMATION_FORMAT = "dwarf-with-dsym";
				ENABLE_NS_ASSERTIONS = NO;
				ENABLE_STRICT_OBJC_MSGSEND = YES;
				GCC_C_LANGUAGE_STANDARD = gnu11;
				GCC_NO_COMMON_BLOCKS = YES;
				GCC_WARN_64_TO_32_BIT_CONVERSION = YES;
				GCC_WARN_ABOUT_RETURN_TYPE = YES_ERROR;
				GCC_WARN_UNDECLARED_SELECTOR = YES;
				GCC_WARN_UNINITIALIZED_AUTOS = YES_AGGRESSIVE;
				GCC_WARN_UNUSED_FUNCTION = YES;
				GCC_WARN_UNUSED_VARIABLE = YES;
				IPHONEOS_DEPLOYMENT_TARGET = 13.7;
				MTL_ENABLE_DEBUG_INFO = NO;
				MTL_FAST_MATH = YES;
				SDKROOT = iphoneos;
				SWIFT_COMPILATION_MODE = wholemodule;
				SWIFT_OPTIMIZATION_LEVEL = "-O";
				VALIDATE_PRODUCT = YES;
			};
			name = Release;
		};
		701D6C2425060DD700231D6A /* Debug */ = {
			isa = XCBuildConfiguration;
			baseConfigurationReference = 0A3C16F77CF4D7BF95BF216A /* Pods-Nothing.debug.xcconfig */;
			buildSettings = {
				ASSETCATALOG_COMPILER_APPICON_NAME = AppIcon;
				CODE_SIGN_STYLE = Automatic;
				CURRENT_PROJECT_VERSION = 2;
				DEVELOPMENT_TEAM = WGARDD9UQU;
				INFOPLIST_FILE = Nothing/Info.plist;
				LD_RUNPATH_SEARCH_PATHS = (
					"$(inherited)",
					"@executable_path/Frameworks",
				);
				PRODUCT_BUNDLE_IDENTIFIER = com.xiaoxi.orz;
				PRODUCT_NAME = "$(TARGET_NAME)";
				SWIFT_VERSION = 5.0;
				TARGETED_DEVICE_FAMILY = "1,2";
			};
			name = Debug;
		};
		701D6C2525060DD700231D6A /* Release */ = {
			isa = XCBuildConfiguration;
			baseConfigurationReference = D674DC7AE6B5EC185A93DD9A /* Pods-Nothing.release.xcconfig */;
			buildSettings = {
				ASSETCATALOG_COMPILER_APPICON_NAME = AppIcon;
				CODE_SIGN_STYLE = Automatic;
				CURRENT_PROJECT_VERSION = 2;
				DEVELOPMENT_TEAM = WGARDD9UQU;
				INFOPLIST_FILE = Nothing/Info.plist;
				LD_RUNPATH_SEARCH_PATHS = (
					"$(inherited)",
					"@executable_path/Frameworks",
				);
				PRODUCT_BUNDLE_IDENTIFIER = com.xiaoxi.orz;
				PRODUCT_NAME = "$(TARGET_NAME)";
				SWIFT_VERSION = 5.0;
				TARGETED_DEVICE_FAMILY = "1,2";
			};
			name = Release;
		};
		701D6C2725060DD700231D6A /* Debug */ = {
			isa = XCBuildConfiguration;
			buildSettings = {
				ALWAYS_EMBED_SWIFT_STANDARD_LIBRARIES = YES;
				BUNDLE_LOADER = "$(TEST_HOST)";
				CODE_SIGN_STYLE = Automatic;
				DEVELOPMENT_TEAM = WGARDD9UQU;
				INFOPLIST_FILE = NothingTests/Info.plist;
				IPHONEOS_DEPLOYMENT_TARGET = 13.7;
				LD_RUNPATH_SEARCH_PATHS = (
					"$(inherited)",
					"@executable_path/Frameworks",
					"@loader_path/Frameworks",
				);
				PRODUCT_BUNDLE_IDENTIFIER = com.xiaoxi.NothingTests;
				PRODUCT_NAME = "$(TARGET_NAME)";
				SWIFT_VERSION = 5.0;
				TARGETED_DEVICE_FAMILY = "1,2";
				TEST_HOST = "$(BUILT_PRODUCTS_DIR)/Nothing.app/Nothing";
			};
			name = Debug;
		};
		701D6C2825060DD700231D6A /* Release */ = {
			isa = XCBuildConfiguration;
			buildSettings = {
				ALWAYS_EMBED_SWIFT_STANDARD_LIBRARIES = YES;
				BUNDLE_LOADER = "$(TEST_HOST)";
				CODE_SIGN_STYLE = Automatic;
				DEVELOPMENT_TEAM = WGARDD9UQU;
				INFOPLIST_FILE = NothingTests/Info.plist;
				IPHONEOS_DEPLOYMENT_TARGET = 13.7;
				LD_RUNPATH_SEARCH_PATHS = (
					"$(inherited)",
					"@executable_path/Frameworks",
					"@loader_path/Frameworks",
				);
				PRODUCT_BUNDLE_IDENTIFIER = com.xiaoxi.NothingTests;
				PRODUCT_NAME = "$(TARGET_NAME)";
				SWIFT_VERSION = 5.0;
				TARGETED_DEVICE_FAMILY = "1,2";
				TEST_HOST = "$(BUILT_PRODUCTS_DIR)/Nothing.app/Nothing";
			};
			name = Release;
		};
		701D6C2A25060DD700231D6A /* Debug */ = {
			isa = XCBuildConfiguration;
			buildSettings = {
				ALWAYS_EMBED_SWIFT_STANDARD_LIBRARIES = YES;
				CODE_SIGN_STYLE = Automatic;
				DEVELOPMENT_TEAM = WGARDD9UQU;
				INFOPLIST_FILE = NothingUITests/Info.plist;
				LD_RUNPATH_SEARCH_PATHS = (
					"$(inherited)",
					"@executable_path/Frameworks",
					"@loader_path/Frameworks",
				);
				PRODUCT_BUNDLE_IDENTIFIER = com.xiaoxi.NothingUITests;
				PRODUCT_NAME = "$(TARGET_NAME)";
				SWIFT_VERSION = 5.0;
				TARGETED_DEVICE_FAMILY = "1,2";
				TEST_TARGET_NAME = Nothing;
			};
			name = Debug;
		};
		701D6C2B25060DD700231D6A /* Release */ = {
			isa = XCBuildConfiguration;
			buildSettings = {
				ALWAYS_EMBED_SWIFT_STANDARD_LIBRARIES = YES;
				CODE_SIGN_STYLE = Automatic;
				DEVELOPMENT_TEAM = WGARDD9UQU;
				INFOPLIST_FILE = NothingUITests/Info.plist;
				LD_RUNPATH_SEARCH_PATHS = (
					"$(inherited)",
					"@executable_path/Frameworks",
					"@loader_path/Frameworks",
				);
				PRODUCT_BUNDLE_IDENTIFIER = com.xiaoxi.NothingUITests;
				PRODUCT_NAME = "$(TARGET_NAME)";
				SWIFT_VERSION = 5.0;
				TARGETED_DEVICE_FAMILY = "1,2";
				TEST_TARGET_NAME = Nothing;
			};
			name = Release;
		};
/* End XCBuildConfiguration section */

/* Begin XCConfigurationList section */
		701D6BF425060DD500231D6A /* Build configuration list for PBXProject "Nothing" */ = {
			isa = XCConfigurationList;
			buildConfigurations = (
				701D6C2125060DD700231D6A /* Debug */,
				701D6C2225060DD700231D6A /* Release */,
			);
			defaultConfigurationIsVisible = 0;
			defaultConfigurationName = Release;
		};
		701D6C2325060DD700231D6A /* Build configuration list for PBXNativeTarget "Nothing" */ = {
			isa = XCConfigurationList;
			buildConfigurations = (
				701D6C2425060DD700231D6A /* Debug */,
				701D6C2525060DD700231D6A /* Release */,
			);
			defaultConfigurationIsVisible = 0;
			defaultConfigurationName = Release;
		};
		701D6C2625060DD700231D6A /* Build configuration list for PBXNativeTarget "NothingTests" */ = {
			isa = XCConfigurationList;
			buildConfigurations = (
				701D6C2725060DD700231D6A /* Debug */,
				701D6C2825060DD700231D6A /* Release */,
			);
			defaultConfigurationIsVisible = 0;
			defaultConfigurationName = Release;
		};
		701D6C2925060DD700231D6A /* Build configuration list for PBXNativeTarget "NothingUITests" */ = {
			isa = XCConfigurationList;
			buildConfigurations = (
				701D6C2A25060DD700231D6A /* Debug */,
				701D6C2B25060DD700231D6A /* Release */,
			);
			defaultConfigurationIsVisible = 0;
			defaultConfigurationName = Release;
		};
/* End XCConfigurationList section */
	};
	rootObject = 701D6BF125060DD500231D6A /* Project object */;
}
